
Microsoft Visual Studio Solution File, Format Version 12.00
# Visual Studio Version 16
VisualStudioVersion = 16.0.31112.23
MinimumVisualStudioVersion = 10.0.40219.1
Project("{FAE04EC0-301F-11D3-BF4B-00C04F79EFBC}") = "mainSnake", "mainSnake\mainSnake.csproj", "{D9419B80-4829-4C78-BB09-B24CE218980E}"
EndProject
Global
	GlobalSection(SolutionConfigurationPlatforms) = preSolution
		Debug|Any CPU = Debug|Any CPU
		Release|Any CPU = Release|Any CPU
	EndGlobalSection
	GlobalSection(ProjectConfigurationPlatforms) = postSolution
		{D9419B80-4829-4C78-BB09-B24CE218980E}.Debug|Any CPU.ActiveCfg = Debug|Any CPU
		{D9419B80-4829-4C78-BB09-B24CE218980E}.Debug|Any CPU.Build.0 = Debug|Any CPU
		{D9419B80-4829-4C78-BB09-B24CE218980E}.Release|Any CPU.ActiveCfg = Release|Any CPU
		{D9419B80-4829-4C78-BB09-B24CE218980E}.Release|Any CPU.Build.0 = Release|Any CPU
	EndGlobalSection
	GlobalSection(SolutionProperties) = preSolution
		HideSolutionNode = FALSE
	EndGlobalSection
	GlobalSection(ExtensibilityGlobals) = postSolution
		SolutionGuid = {E1EE0619-CBBC-462A-ACAD-0E8CB5561D5F}
	EndGlobalSection
EndGlobal
